<?xml version="1.0" encoding="utf-8"?>
<Project ToolsVersion="4.0" xmlns="http://schemas.microsoft.com/developer/msbuild/2003">
  <ItemGroup>
    <Filter Include="源文件">
      <UniqueIdentifier>{4FC737F1-C7A5-4376-A066-2A32D752A2FF}</UniqueIdentifier>
      <Extensions>cpp;c;cc;cxx;def;odl;idl;hpj;bat;asm;asmx</Extensions>
    </Filter>
    <Filter Include="头文件">
      <UniqueIdentifier>{93995380-89BD-4b04-88EB-625FBE52EBFB}</UniqueIdentifier>
      <Extensions>h;hh;hpp;hxx;hm;inl;inc;ipp;xsd</Extensions>
    </Filter>
    <Filter Include="资源文件">
      <UniqueIdentifier>{67DA6AB6-F800-4c08-8B7A-83BB121AAD01}</UniqueIdentifier>
      <Extensions>rc;ico;cur;bmp;dlg;rc2;rct;bin;rgs;gif;jpg;jpeg;jpe;resx;tiff;tif;png;wav;mfcribbon-ms</Extensions>
    </Filter>
  </ItemGroup>
  <ItemGroup>
    <ClCompile Include="Main.cpp">
      <Filter>源文件</Filter>
    </ClCompile>
    <ClCompile Include="raytracing\bidirectional.cpp">
      <Filter>源文件</Filter>
    </ClCompile>
    <ClCompile Include="raytracing\disk.cpp">
      <Filter>源文件</Filter>
    </ClCompile>
    <ClCompile Include="raytracing\geometry.cpp">
      <Filter>源文件</Filter>
    </ClCompile>
    <ClCompile Include="raytracing\geometrycomponent.cpp">
      <Filter>源文件</Filter>
    </ClCompile>
    <ClCompile Include="raytracing\integrator.cpp">
      <Filter>源文件</Filter>
    </ClCompile>
    <ClCompile Include="raytracing\material.cpp">
      <Filter>源文件</Filter>
    </ClCompile>
    <ClCompile Include="raytracing\montecarlo.cpp">
      <Filter>源文件</Filter>
    </ClCompile>
    <ClCompile Include="raytracing\pathtracing.cpp">
      <Filter>源文件</Filter>
    </ClCompile>
    <ClCompile Include="raytracing\raycastsys.cpp">
      <Filter>源文件</Filter>
    </ClCompile>
    <ClCompile Include="raytracing\renderer.cpp">
      <Filter>源文件</Filter>
    </ClCompile>
    <ClCompile Include="raytracing\trianglemesh.cpp">
      <Filter>源文件</Filter>
    </ClCompile>
    <ClCompile Include="runtime\object.cpp">
      <Filter>源文件</Filter>
    </ClCompile>
    <ClCompile Include="runtime\resourcemanager.cpp">
      <Filter>源文件</Filter>
    </ClCompile>
    <ClCompile Include="tests\test_trianglemesh.cpp">
      <Filter>源文件</Filter>
    </ClCompile>
    <ClCompile Include="core\coreprivate.cpp">
      <Filter>源文件</Filter>
    </ClCompile>
    <ClCompile Include="core\pool.cpp">
      <Filter>源文件</Filter>
    </ClCompile>
    <ClCompile Include="math\boundingbox.cpp">
      <Filter>源文件</Filter>
    </ClCompile>
    <ClCompile Include="math\eulerrotation.cpp">
      <Filter>源文件</Filter>
    </ClCompile>
    <ClCompile Include="math\mathcore.cpp">
      <Filter>源文件</Filter>
    </ClCompile>
    <ClCompile Include="math\mathutils.cpp">
      <Filter>源文件</Filter>
    </ClCompile>
    <ClCompile Include="math\matrix.cpp">
      <Filter>源文件</Filter>
    </ClCompile>
    <ClCompile Include="math\plane.cpp">
      <Filter>源文件</Filter>
    </ClCompile>
    <ClCompile Include="math\quaternion.cpp">
      <Filter>源文件</Filter>
    </ClCompile>
    <ClCompile Include="math\ray.cpp">
      <Filter>源文件</Filter>
    </ClCompile>
    <ClCompile Include="math\rect.cpp">
      <Filter>源文件</Filter>
    </ClCompile>
    <ClCompile Include="math\sphere.cpp">
      <Filter>源文件</Filter>
    </ClCompile>
    <ClCompile Include="math\vector.cpp">
      <Filter>源文件</Filter>
    </ClCompile>
    <ClCompile Include="math\spectrum.cpp">
      <Filter>源文件</Filter>
    </ClCompile>
    <ClCompile Include="runtime\component.cpp">
      <Filter>源文件</Filter>
    </ClCompile>
    <ClCompile Include="runtime\componentregister.cpp">
      <Filter>源文件</Filter>
    </ClCompile>
    <ClCompile Include="runtime\entity.cpp">
      <Filter>源文件</Filter>
    </ClCompile>
    <ClCompile Include="runtime\entitymanager.cpp">
      <Filter>源文件</Filter>
    </ClCompile>
    <ClCompile Include="runtime\system.cpp">
      <Filter>源文件</Filter>
    </ClCompile>
    <ClCompile Include="tests\test_benchmark_entity_component.cpp">
      <Filter>源文件</Filter>
    </ClCompile>
    <ClCompile Include="core\event.cpp">
      <Filter>源文件</Filter>
    </ClCompile>
    <ClCompile Include="raytracing\scene.cpp">
      <Filter>源文件</Filter>
    </ClCompile>
    <ClCompile Include="tests\test_pathtracing.cpp">
      <Filter>源文件</Filter>
    </ClCompile>
    <ClCompile Include="core\register_core.cpp">
      <Filter>源文件</Filter>
    </ClCompile>
  </ItemGroup>
  <ItemGroup>
    <ClInclude Include="raytracing\bidirectional.h">
      <Filter>头文件</Filter>
    </ClInclude>
    <ClInclude Include="raytracing\disk.h">
      <Filter>头文件</Filter>
    </ClInclude>
    <ClInclude Include="raytracing\geometry.h">
      <Filter>头文件</Filter>
    </ClInclude>
    <ClInclude Include="raytracing\geometrycomponent.h">
      <Filter>头文件</Filter>
    </ClInclude>
    <ClInclude Include="raytracing\integrator.h">
      <Filter>头文件</Filter>
    </ClInclude>
    <ClInclude Include="raytracing\material.h">
      <Filter>头文件</Filter>
    </ClInclude>
    <ClInclude Include="raytracing\montecarlo.h">
      <Filter>头文件</Filter>
    </ClInclude>
    <ClInclude Include="raytracing\pathtracing.h">
      <Filter>头文件</Filter>
    </ClInclude>
    <ClInclude Include="raytracing\raycastsys.h">
      <Filter>头文件</Filter>
    </ClInclude>
    <ClInclude Include="raytracing\rayhitinfo.h">
      <Filter>头文件</Filter>
    </ClInclude>
    <ClInclude Include="raytracing\renderer.h">
      <Filter>头文件</Filter>
    </ClInclude>
    <ClInclude Include="raytracing\trianglemesh.h">
      <Filter>头文件</Filter>
    </ClInclude>
    <ClInclude Include="tests\test_trianglemesh.h">
      <Filter>头文件</Filter>
    </ClInclude>
    <ClInclude Include="core\coreprivate.h">
      <Filter>头文件</Filter>
    </ClInclude>
    <ClInclude Include="core\pool.h">
      <Filter>头文件</Filter>
    </ClInclude>
    <ClInclude Include="core\typeinfo.h">
      <Filter>头文件</Filter>
    </ClInclude>
    <ClInclude Include="core\typelist.h">
      <Filter>头文件</Filter>
    </ClInclude>
    <ClInclude Include="math\boundingbox.h">
      <Filter>头文件</Filter>
    </ClInclude>
    <ClInclude Include="math\eulerrotation.h">
      <Filter>头文件</Filter>
    </ClInclude>
    <ClInclude Include="math\mathcore.h">
      <Filter>头文件</Filter>
    </ClInclude>
    <ClInclude Include="math\mathutils.h">
      <Filter>头文件</Filter>
    </ClInclude>
    <ClInclude Include="math\matrix.h">
      <Filter>头文件</Filter>
    </ClInclude>
    <ClInclude Include="math\plane.h">
      <Filter>头文件</Filter>
    </ClInclude>
    <ClInclude Include="math\quaternion.h">
      <Filter>头文件</Filter>
    </ClInclude>
    <ClInclude Include="math\ray.h">
      <Filter>头文件</Filter>
    </ClInclude>
    <ClInclude Include="math\rect.h">
      <Filter>头文件</Filter>
    </ClInclude>
    <ClInclude Include="math\sphere.h">
      <Filter>头文件</Filter>
    </ClInclude>
    <ClInclude Include="math\vector.h">
      <Filter>头文件</Filter>
    </ClInclude>
    <ClInclude Include="math\spectrum.h">
      <Filter>头文件</Filter>
    </ClInclude>
    <ClInclude Include="boost\pool\singleton_pool.hpp">
      <Filter>头文件</Filter>
    </ClInclude>
    <ClInclude Include="boost\pool\object_pool.hpp">
      <Filter>头文件</Filter>
    </ClInclude>
    <ClInclude Include="runtime\transform.h">
      <Filter>头文件</Filter>
    </ClInclude>
    <ClInclude Include="runtime\component.h">
      <Filter>头文件</Filter>
    </ClInclude>
    <ClInclude Include="runtime\componentregister.h">
      <Filter>头文件</Filter>
    </ClInclude>
    <ClInclude Include="runtime\entity.h">
      <Filter>头文件</Filter>
    </ClInclude>
    <ClInclude Include="runtime\entitymanager.h">
      <Filter>头文件</Filter>
    </ClInclude>
    <ClInclude Include="runtime\object.h">
      <Filter>头文件</Filter>
    </ClInclude>
    <ClInclude Include="runtime\resourcemanager.h">
      <Filter>头文件</Filter>
    </ClInclude>
    <ClInclude Include="runtime\system.h">
      <Filter>头文件</Filter>
    </ClInclude>
    <ClInclude Include="tests\test_benchmark_entity_component.h">
      <Filter>头文件</Filter>
    </ClInclude>
    <ClInclude Include="core\time.h">
      <Filter>头文件</Filter>
    </ClInclude>
    <ClInclude Include="core\event.h">
      <Filter>头文件</Filter>
    </ClInclude>
    <ClInclude Include="core\fastdelegate.hpp">
      <Filter>头文件</Filter>
    </ClInclude>
    <ClInclude Include="raytracing\scene.h">
      <Filter>头文件</Filter>
    </ClInclude>
    <ClInclude Include="tests\test_pathtracing.h">
      <Filter>头文件</Filter>
    </ClInclude>
    <ClInclude Include="core\simplesignal.h">
      <Filter>头文件</Filter>
    </ClInclude>
    <ClInclude Include="core\register_core.h">
      <Filter>头文件</Filter>
    </ClInclude>
    <ClInclude Include="raytracing\register_raytracing.h">
      <Filter>头文件</Filter>
    </ClInclude>
  </ItemGroup>
</Project>