<?xml version="1.0" encoding="utf-8"?>
<Project ToolsVersion="4.0" xmlns="http://schemas.microsoft.com/developer/msbuild/2003">
  <ItemGroup>
    <Filter Include="源文件">
      <UniqueIdentifier>{4FC737F1-C7A5-4376-A066-2A32D752A2FF}</UniqueIdentifier>
      <Extensions>cpp;c;cc;cxx;def;odl;idl;hpj;bat;asm;asmx</Extensions>
    </Filter>
    <Filter Include="头文件">
      <UniqueIdentifier>{93995380-89BD-4b04-88EB-625FBE52EBFB}</UniqueIdentifier>
      <Extensions>h;hh;hpp;hxx;hm;inl;inc;ipp;xsd</Extensions>
    </Filter>
    <Filter Include="资源文件">
      <UniqueIdentifier>{67DA6AB6-F800-4c08-8B7A-83BB121AAD01}</UniqueIdentifier>
      <Extensions>rc;ico;cur;bmp;dlg;rc2;rct;bin;rgs;gif;jpg;jpeg;jpe;resx;tiff;tif;png;wav;mfcribbon-ms</Extensions>
    </Filter>
  </ItemGroup>
  <ItemGroup>
    <ClInclude Include="include\geometrycomponent.h">
      <Filter>头文件</Filter>
    </ClInclude>
    <ClInclude Include="include\integrator.h">
      <Filter>头文件</Filter>
    </ClInclude>
    <ClInclude Include="include\material.h">
      <Filter>头文件</Filter>
    </ClInclude>
    <ClInclude Include="include\pathtracing.h">
      <Filter>头文件</Filter>
    </ClInclude>
    <ClInclude Include="include\renderer.h">
      <Filter>头文件</Filter>
    </ClInclude>
    <ClInclude Include="include\scene.h">
      <Filter>头文件</Filter>
    </ClInclude>
    <ClInclude Include="include\trianglemesh.h">
      <Filter>头文件</Filter>
    </ClInclude>
    <ClInclude Include="include\renderbird_register.h">
      <Filter>头文件</Filter>
    </ClInclude>
    <ClInclude Include="include\renderbird_private.h">
      <Filter>头文件</Filter>
    </ClInclude>
    <ClInclude Include="include\geometry_generator.h">
      <Filter>头文件</Filter>
    </ClInclude>
    <ClInclude Include="include\image_output.h">
      <Filter>头文件</Filter>
    </ClInclude>
    <ClInclude Include="include\light_component.h">
      <Filter>头文件</Filter>
    </ClInclude>
    <ClInclude Include="include\mesh_component.h">
      <Filter>头文件</Filter>
    </ClInclude>
    <ClInclude Include="include\camera_component.h">
      <Filter>头文件</Filter>
    </ClInclude>
    <ClInclude Include="..\3rdparty\CImg\CImg.h">
      <Filter>头文件</Filter>
    </ClInclude>
    <ClInclude Include="include\fbx_import_utils.h">
      <Filter>头文件</Filter>
    </ClInclude>
    <ClInclude Include="include\texture.h">
      <Filter>头文件</Filter>
    </ClInclude>
    <ClInclude Include="include\sampler.h">
      <Filter>头文件</Filter>
    </ClInclude>
    <ClInclude Include="include\shape.h">
      <Filter>头文件</Filter>
    </ClInclude>
    <ClInclude Include="include\sample_utils.h">
      <Filter>头文件</Filter>
    </ClInclude>
    <ClInclude Include="include\bsdf.h">
      <Filter>头文件</Filter>
    </ClInclude>
    <ClInclude Include="include\pathtracing_common.h">
      <Filter>头文件</Filter>
    </ClInclude>
    <ClInclude Include="include\arealight.h">
      <Filter>头文件</Filter>
    </ClInclude>
    <ClInclude Include="include\disk_component.h">
      <Filter>头文件</Filter>
    </ClInclude>
    <ClInclude Include="include\sphere_component.h">
      <Filter>头文件</Filter>
    </ClInclude>
  </ItemGroup>
  <ItemGroup>
    <ClCompile Include="src\integrator.cpp">
      <Filter>源文件</Filter>
    </ClCompile>
    <ClCompile Include="src\material.cpp">
      <Filter>源文件</Filter>
    </ClCompile>
    <ClCompile Include="src\pathtracing.cpp">
      <Filter>源文件</Filter>
    </ClCompile>
    <ClCompile Include="src\renderer.cpp">
      <Filter>源文件</Filter>
    </ClCompile>
    <ClCompile Include="src\scene.cpp">
      <Filter>源文件</Filter>
    </ClCompile>
    <ClCompile Include="src\trianglemesh.cpp">
      <Filter>源文件</Filter>
    </ClCompile>
    <ClCompile Include="src\renderbird_register.cpp">
      <Filter>源文件</Filter>
    </ClCompile>
    <ClCompile Include="include\geometry_generator.cpp">
      <Filter>源文件</Filter>
    </ClCompile>
    <ClCompile Include="src\image_output.cpp">
      <Filter>源文件</Filter>
    </ClCompile>
    <ClCompile Include="src\light_component.cpp">
      <Filter>源文件</Filter>
    </ClCompile>
    <ClCompile Include="src\mesh_component.cpp">
      <Filter>源文件</Filter>
    </ClCompile>
    <ClCompile Include="src\camera_component.cpp">
      <Filter>源文件</Filter>
    </ClCompile>
    <ClCompile Include="src\fbx_import_utils.cpp">
      <Filter>源文件</Filter>
    </ClCompile>
    <ClCompile Include="src\texture.cpp">
      <Filter>源文件</Filter>
    </ClCompile>
    <ClCompile Include="src\sampler.cpp">
      <Filter>源文件</Filter>
    </ClCompile>
    <ClCompile Include="src\shape.cpp">
      <Filter>源文件</Filter>
    </ClCompile>
    <ClCompile Include="src\sample_utils.cpp">
      <Filter>源文件</Filter>
    </ClCompile>
    <ClCompile Include="src\bsdf.cpp">
      <Filter>源文件</Filter>
    </ClCompile>
    <ClCompile Include="src\arealight.cpp">
      <Filter>源文件</Filter>
    </ClCompile>
    <ClCompile Include="src\pathtracing_common.cpp">
      <Filter>源文件</Filter>
    </ClCompile>
    <ClCompile Include="src\disk_component.cpp">
      <Filter>源文件</Filter>
    </ClCompile>
    <ClCompile Include="src\sphere_component.cpp">
      <Filter>源文件</Filter>
    </ClCompile>
  </ItemGroup>
</Project>