<?xml version="1.0" encoding="utf-8"?>
<Project ToolsVersion="4.0" xmlns="http://schemas.microsoft.com/developer/msbuild/2003">
  <ItemGroup>
    <Filter Include="源文件">
      <UniqueIdentifier>{4FC737F1-C7A5-4376-A066-2A32D752A2FF}</UniqueIdentifier>
      <Extensions>cpp;c;cc;cxx;def;odl;idl;hpj;bat;asm;asmx</Extensions>
    </Filter>
    <Filter Include="头文件">
      <UniqueIdentifier>{93995380-89BD-4b04-88EB-625FBE52EBFB}</UniqueIdentifier>
      <Extensions>h;hh;hpp;hxx;hm;inl;inc;ipp;xsd</Extensions>
    </Filter>
    <Filter Include="资源文件">
      <UniqueIdentifier>{67DA6AB6-F800-4c08-8B7A-83BB121AAD01}</UniqueIdentifier>
      <Extensions>rc;ico;cur;bmp;dlg;rc2;rct;bin;rgs;gif;jpg;jpeg;jpe;resx;tiff;tif;png;wav;mfcribbon-ms</Extensions>
    </Filter>
  </ItemGroup>
  <ItemGroup>
    <ClCompile Include="src\SceneObject.cpp">
      <Filter>源文件</Filter>
    </ClCompile>
    <ClCompile Include="src\SphereComponent.cpp">
      <Filter>源文件</Filter>
    </ClCompile>
    <ClCompile Include="src\Texture.cpp">
      <Filter>源文件</Filter>
    </ClCompile>
    <ClCompile Include="src\Triangle.cpp">
      <Filter>源文件</Filter>
    </ClCompile>
    <ClCompile Include="src\TriangleComponent.cpp">
      <Filter>源文件</Filter>
    </ClCompile>
    <ClCompile Include="src\TriangleMesh.cpp">
      <Filter>源文件</Filter>
    </ClCompile>
    <ClCompile Include="src\AccelStructure.cpp">
      <Filter>源文件</Filter>
    </ClCompile>
    <ClCompile Include="src\AreaLight.cpp">
      <Filter>源文件</Filter>
    </ClCompile>
    <ClCompile Include="src\AreaLightComponent.cpp">
      <Filter>源文件</Filter>
    </ClCompile>
    <ClCompile Include="src\AuxiliaryBuffer.cpp">
      <Filter>源文件</Filter>
    </ClCompile>
    <ClCompile Include="src\BSDF.cpp">
      <Filter>源文件</Filter>
    </ClCompile>
    <ClCompile Include="src\BVH.cpp">
      <Filter>源文件</Filter>
    </ClCompile>
    <ClCompile Include="src\CameraComponent.cpp">
      <Filter>源文件</Filter>
    </ClCompile>
    <ClCompile Include="src\Disk.cpp">
      <Filter>源文件</Filter>
    </ClCompile>
    <ClCompile Include="src\DiskComponent.cpp">
      <Filter>源文件</Filter>
    </ClCompile>
    <ClCompile Include="src\DistantLight.cpp">
      <Filter>源文件</Filter>
    </ClCompile>
    <ClCompile Include="src\DistantLightComponent.cpp">
      <Filter>源文件</Filter>
    </ClCompile>
    <ClCompile Include="src\FBXImportUtils.cpp">
      <Filter>源文件</Filter>
    </ClCompile>
    <ClCompile Include="src\Light.cpp">
      <Filter>源文件</Filter>
    </ClCompile>
    <ClCompile Include="src\LightComponent.cpp">
      <Filter>源文件</Filter>
    </ClCompile>
    <ClCompile Include="src\Material.cpp">
      <Filter>源文件</Filter>
    </ClCompile>
    <ClCompile Include="src\MeshComponent.cpp">
      <Filter>源文件</Filter>
    </ClCompile>
    <ClCompile Include="src\MeshObject.cpp">
      <Filter>源文件</Filter>
    </ClCompile>
    <ClCompile Include="src\PathTracing.cpp">
      <Filter>源文件</Filter>
    </ClCompile>
    <ClCompile Include="src\PathTracingCommon.cpp">
      <Filter>源文件</Filter>
    </ClCompile>
    <ClCompile Include="src\Renderer.cpp">
      <Filter>源文件</Filter>
    </ClCompile>
    <ClCompile Include="src\RenderStatistic.cpp">
      <Filter>源文件</Filter>
    </ClCompile>
    <ClCompile Include="src\Sampler.cpp">
      <Filter>源文件</Filter>
    </ClCompile>
    <ClCompile Include="src\SampleUtils.cpp">
      <Filter>源文件</Filter>
    </ClCompile>
    <ClCompile Include="src\Scene.cpp">
      <Filter>源文件</Filter>
    </ClCompile>
    <ClCompile Include="src\Denoising.cpp">
      <Filter>源文件</Filter>
    </ClCompile>
    <ClCompile Include="src\Shape.cpp">
      <Filter>源文件</Filter>
    </ClCompile>
    <ClCompile Include="src\SphereObject.cpp">
      <Filter>源文件</Filter>
    </ClCompile>
    <ClCompile Include="src\ImageIO.cpp">
      <Filter>源文件</Filter>
    </ClCompile>
    <ClCompile Include="src\LambertDiffuse.cpp">
      <Filter>源文件</Filter>
    </ClCompile>
    <ClCompile Include="src\OrenNayarDiffuse.cpp">
      <Filter>源文件</Filter>
    </ClCompile>
    <ClCompile Include="src\RenderBirdRegister.cpp">
      <Filter>源文件</Filter>
    </ClCompile>
  </ItemGroup>
  <ItemGroup>
    <ClInclude Include="include\DistantLightComponent.h">
      <Filter>头文件</Filter>
    </ClInclude>
    <ClInclude Include="include\FBXImportUtils.h">
      <Filter>头文件</Filter>
    </ClInclude>
    <ClInclude Include="include\Light.h">
      <Filter>头文件</Filter>
    </ClInclude>
    <ClInclude Include="include\LightComponent.h">
      <Filter>头文件</Filter>
    </ClInclude>
    <ClInclude Include="include\Material.h">
      <Filter>头文件</Filter>
    </ClInclude>
    <ClInclude Include="include\MeshComponent.h">
      <Filter>头文件</Filter>
    </ClInclude>
    <ClInclude Include="include\MeshObject.h">
      <Filter>头文件</Filter>
    </ClInclude>
    <ClInclude Include="include\PathTracing.h">
      <Filter>头文件</Filter>
    </ClInclude>
    <ClInclude Include="include\PathTracingCommon.h">
      <Filter>头文件</Filter>
    </ClInclude>
    <ClInclude Include="include\Renderer.h">
      <Filter>头文件</Filter>
    </ClInclude>
    <ClInclude Include="include\RenderStatistic.h">
      <Filter>头文件</Filter>
    </ClInclude>
    <ClInclude Include="include\Sampler.h">
      <Filter>头文件</Filter>
    </ClInclude>
    <ClInclude Include="include\SampleUtils.h">
      <Filter>头文件</Filter>
    </ClInclude>
    <ClInclude Include="include\Scene.h">
      <Filter>头文件</Filter>
    </ClInclude>
    <ClInclude Include="include\SceneObject.h">
      <Filter>头文件</Filter>
    </ClInclude>
    <ClInclude Include="include\Shape.h">
      <Filter>头文件</Filter>
    </ClInclude>
    <ClInclude Include="include\SphereComponent.h">
      <Filter>头文件</Filter>
    </ClInclude>
    <ClInclude Include="include\Texture.h">
      <Filter>头文件</Filter>
    </ClInclude>
    <ClInclude Include="include\Triangle.h">
      <Filter>头文件</Filter>
    </ClInclude>
    <ClInclude Include="include\TriangleComponent.h">
      <Filter>头文件</Filter>
    </ClInclude>
    <ClInclude Include="include\TriangleMesh.h">
      <Filter>头文件</Filter>
    </ClInclude>
    <ClInclude Include="include\AccelStructure.h">
      <Filter>头文件</Filter>
    </ClInclude>
    <ClInclude Include="include\AreaLight.h">
      <Filter>头文件</Filter>
    </ClInclude>
    <ClInclude Include="include\AreaLightComponent.h">
      <Filter>头文件</Filter>
    </ClInclude>
    <ClInclude Include="include\AuxiliaryBuffer.h">
      <Filter>头文件</Filter>
    </ClInclude>
    <ClInclude Include="include\BSDF.h">
      <Filter>头文件</Filter>
    </ClInclude>
    <ClInclude Include="include\BVH.h">
      <Filter>头文件</Filter>
    </ClInclude>
    <ClInclude Include="include\CameraComponent.h">
      <Filter>头文件</Filter>
    </ClInclude>
    <ClInclude Include="include\Disk.h">
      <Filter>头文件</Filter>
    </ClInclude>
    <ClInclude Include="include\DiskComponent.h">
      <Filter>头文件</Filter>
    </ClInclude>
    <ClInclude Include="include\DistantLight.h">
      <Filter>头文件</Filter>
    </ClInclude>
    <ClInclude Include="include\Denoising.h">
      <Filter>头文件</Filter>
    </ClInclude>
    <ClInclude Include="include\Pixelmap.h">
      <Filter>头文件</Filter>
    </ClInclude>
    <ClInclude Include="include\NlMeans.h">
      <Filter>头文件</Filter>
    </ClInclude>
    <ClInclude Include="include\OutputBuffer.h">
      <Filter>头文件</Filter>
    </ClInclude>
    <ClInclude Include="include\SphereObject.h">
      <Filter>头文件</Filter>
    </ClInclude>
    <ClInclude Include="include\ImageIO.h">
      <Filter>头文件</Filter>
    </ClInclude>
    <ClInclude Include="include\halton_sampler.h">
      <Filter>头文件</Filter>
    </ClInclude>
    <ClInclude Include="include\halton_enum.h">
      <Filter>头文件</Filter>
    </ClInclude>
    <ClInclude Include="include\LambertDiffuse.h">
      <Filter>头文件</Filter>
    </ClInclude>
    <ClInclude Include="include\RenderBirdPrivate.h">
      <Filter>头文件</Filter>
    </ClInclude>
    <ClInclude Include="include\RenderBirdRegister.h">
      <Filter>头文件</Filter>
    </ClInclude>
  </ItemGroup>
  <ItemGroup>
    <None Include="include\OrenNayarDiffuse.h">
      <Filter>头文件</Filter>
    </None>
  </ItemGroup>
</Project>