<?xml version="1.0" encoding="utf-8"?>
<Project ToolsVersion="4.0" xmlns="http://schemas.microsoft.com/developer/msbuild/2003">
  <ItemGroup>
    <Filter Include="源文件">
      <UniqueIdentifier>{4FC737F1-C7A5-4376-A066-2A32D752A2FF}</UniqueIdentifier>
      <Extensions>cpp;c;cc;cxx;def;odl;idl;hpj;bat;asm;asmx</Extensions>
    </Filter>
    <Filter Include="头文件">
      <UniqueIdentifier>{93995380-89BD-4b04-88EB-625FBE52EBFB}</UniqueIdentifier>
      <Extensions>h;hh;hpp;hxx;hm;inl;inc;ipp;xsd</Extensions>
    </Filter>
    <Filter Include="资源文件">
      <UniqueIdentifier>{67DA6AB6-F800-4c08-8B7A-83BB121AAD01}</UniqueIdentifier>
      <Extensions>rc;ico;cur;bmp;dlg;rc2;rct;bin;rgs;gif;jpg;jpeg;jpe;resx;tiff;tif;png;wav;mfcribbon-ms</Extensions>
    </Filter>
  </ItemGroup>
  <ItemGroup>
    <ClInclude Include="include\Entity.h">
      <Filter>头文件</Filter>
    </ClInclude>
    <ClInclude Include="include\Entitymanager.h">
      <Filter>头文件</Filter>
    </ClInclude>
    <ClInclude Include="include\Event.h">
      <Filter>头文件</Filter>
    </ClInclude>
    <ClInclude Include="include\FastDelegate.hpp">
      <Filter>头文件</Filter>
    </ClInclude>
    <ClInclude Include="include\MathCore.h">
      <Filter>头文件</Filter>
    </ClInclude>
    <ClInclude Include="include\MathUtils.h">
      <Filter>头文件</Filter>
    </ClInclude>
    <ClInclude Include="include\Object.h">
      <Filter>头文件</Filter>
    </ClInclude>
    <ClInclude Include="include\Plane.h">
      <Filter>头文件</Filter>
    </ClInclude>
    <ClInclude Include="include\Pool.h">
      <Filter>头文件</Filter>
    </ClInclude>
    <ClInclude Include="include\Ray.h">
      <Filter>头文件</Filter>
    </ClInclude>
    <ClInclude Include="include\Rect2.h">
      <Filter>头文件</Filter>
    </ClInclude>
    <ClInclude Include="include\RNG.h">
      <Filter>头文件</Filter>
    </ClInclude>
    <ClInclude Include="include\SimpleSignal.h">
      <Filter>头文件</Filter>
    </ClInclude>
    <ClInclude Include="include\Spectrum.h">
      <Filter>头文件</Filter>
    </ClInclude>
    <ClInclude Include="include\Sphere.h">
      <Filter>头文件</Filter>
    </ClInclude>
    <ClInclude Include="include\System.h">
      <Filter>头文件</Filter>
    </ClInclude>
    <ClInclude Include="include\Timer.h">
      <Filter>头文件</Filter>
    </ClInclude>
    <ClInclude Include="include\Transform.h">
      <Filter>头文件</Filter>
    </ClInclude>
    <ClInclude Include="include\TransformParent.h">
      <Filter>头文件</Filter>
    </ClInclude>
    <ClInclude Include="include\TypeList.h">
      <Filter>头文件</Filter>
    </ClInclude>
    <ClInclude Include="include\Archetype.h">
      <Filter>头文件</Filter>
    </ClInclude>
    <ClInclude Include="include\BoundingBox.h">
      <Filter>头文件</Filter>
    </ClInclude>
    <ClInclude Include="include\Component.h">
      <Filter>头文件</Filter>
    </ClInclude>
    <ClInclude Include="include\ComponentChunk.h">
      <Filter>头文件</Filter>
    </ClInclude>
    <ClInclude Include="include\ComponentGroup.h">
      <Filter>头文件</Filter>
    </ClInclude>
    <ClInclude Include="include\ComponentTypelist.h">
      <Filter>头文件</Filter>
    </ClInclude>
    <ClInclude Include="include\CorePrivate.h">
      <Filter>头文件</Filter>
    </ClInclude>
    <ClInclude Include="include\CorePublic.h">
      <Filter>头文件</Filter>
    </ClInclude>
    <ClInclude Include="include\CoreRegister.h">
      <Filter>头文件</Filter>
    </ClInclude>
    <ClInclude Include="include\TypeInfo.h">
      <Filter>头文件</Filter>
    </ClInclude>
    <ClInclude Include="include\ThreadUtils.h">
      <Filter>头文件</Filter>
    </ClInclude>
    <ClInclude Include="include\ThreadPool.h">
      <Filter>头文件</Filter>
    </ClInclude>
  </ItemGroup>
  <ItemGroup>
    <ClCompile Include="src\MathCore.cpp">
      <Filter>源文件</Filter>
    </ClCompile>
    <ClCompile Include="src\MathUtils.cpp">
      <Filter>源文件</Filter>
    </ClCompile>
    <ClCompile Include="src\Object.cpp">
      <Filter>源文件</Filter>
    </ClCompile>
    <ClCompile Include="src\Plane.cpp">
      <Filter>源文件</Filter>
    </ClCompile>
    <ClCompile Include="src\Pool.cpp">
      <Filter>源文件</Filter>
    </ClCompile>
    <ClCompile Include="src\Ray.cpp">
      <Filter>源文件</Filter>
    </ClCompile>
    <ClCompile Include="src\Spectrum.cpp">
      <Filter>源文件</Filter>
    </ClCompile>
    <ClCompile Include="src\Sphere.cpp">
      <Filter>源文件</Filter>
    </ClCompile>
    <ClCompile Include="src\System.cpp">
      <Filter>源文件</Filter>
    </ClCompile>
    <ClCompile Include="src\Transform.cpp">
      <Filter>源文件</Filter>
    </ClCompile>
    <ClCompile Include="src\TransformParent.cpp">
      <Filter>源文件</Filter>
    </ClCompile>
    <ClCompile Include="src\TypeInfo.cpp">
      <Filter>源文件</Filter>
    </ClCompile>
    <ClCompile Include="src\Archetype.cpp">
      <Filter>源文件</Filter>
    </ClCompile>
    <ClCompile Include="src\BoundingBox.cpp">
      <Filter>源文件</Filter>
    </ClCompile>
    <ClCompile Include="src\Component.cpp">
      <Filter>源文件</Filter>
    </ClCompile>
    <ClCompile Include="src\ComponentChunk.cpp">
      <Filter>源文件</Filter>
    </ClCompile>
    <ClCompile Include="src\ComponentGroup.cpp">
      <Filter>源文件</Filter>
    </ClCompile>
    <ClCompile Include="src\ComponentTypelist.cpp">
      <Filter>源文件</Filter>
    </ClCompile>
    <ClCompile Include="src\CorePrivate.cpp">
      <Filter>源文件</Filter>
    </ClCompile>
    <ClCompile Include="src\CoreRegister.cpp">
      <Filter>源文件</Filter>
    </ClCompile>
    <ClCompile Include="src\Entity.cpp">
      <Filter>源文件</Filter>
    </ClCompile>
    <ClCompile Include="src\Entitymanager.cpp">
      <Filter>源文件</Filter>
    </ClCompile>
    <ClCompile Include="src\Event.cpp">
      <Filter>源文件</Filter>
    </ClCompile>
    <ClCompile Include="src\ThreadUtils.cpp">
      <Filter>源文件</Filter>
    </ClCompile>
    <ClCompile Include="src\ThreadPool.cpp">
      <Filter>源文件</Filter>
    </ClCompile>
  </ItemGroup>
  <ItemGroup>
    <None Include="..\ThirdPartyInfo.props" />
  </ItemGroup>
</Project>